
Microsoft Visual Studio Solution File, Format Version 12.00
# Visual Studio Version 16
VisualStudioVersion = 16.0.30804.86
MinimumVisualStudioVersion = 10.0.40219.1
Project("{FAE04EC0-301F-11D3-BF4B-00C04F79EFBC}") = "anketa", "anketa\anketa.csproj", "{0690BA09-EEF9-40F7-8BD3-7A37CE249672}"
EndProject
Global
	GlobalSection(SolutionConfigurationPlatforms) = preSolution
		Debug|Any CPU = Debug|Any CPU
		Release|Any CPU = Release|Any CPU
	EndGlobalSection
	GlobalSection(ProjectConfigurationPlatforms) = postSolution
		{0690BA09-EEF9-40F7-8BD3-7A37CE249672}.Debug|Any CPU.ActiveCfg = Debug|Any CPU
		{0690BA09-EEF9-40F7-8BD3-7A37CE249672}.Debug|Any CPU.Build.0 = Debug|Any CPU
		{0690BA09-EEF9-40F7-8BD3-7A37CE249672}.Release|Any CPU.ActiveCfg = Release|Any CPU
		{0690BA09-EEF9-40F7-8BD3-7A37CE249672}.Release|Any CPU.Build.0 = Release|Any CPU
	EndGlobalSection
	GlobalSection(SolutionProperties) = preSolution
		HideSolutionNode = FALSE
	EndGlobalSection
	GlobalSection(ExtensibilityGlobals) = postSolution
		SolutionGuid = {ECE0AC65-0699-4355-9603-C2704DD8AEC9}
	EndGlobalSection
EndGlobal
